
Microsoft Visual Studio Solution File, Format Version 12.00
# Visual Studio Version 17
VisualStudioVersion = 17.3.32804.467
MinimumVisualStudioVersion = 10.0.40219.1
Project("{FAE04EC0-301F-11D3-BF4B-00C04F79EFBC}") = "ExemploDLLTefClientMC_TransparenteCSharp", "ExemploDLLTefClientMC_TransparenteCSharp\ExemploDLLTefClientMC_TransparenteCSharp.csproj", "{2D684582-5620-4569-B730-950B0B9EAC1A}"
EndProject
Global
	GlobalSection(SolutionConfigurationPlatforms) = preSolution
		Debug|Any CPU = Debug|Any CPU
		Release|Any CPU = Release|Any CPU
	EndGlobalSection
	GlobalSection(ProjectConfigurationPlatforms) = postSolution
		{2D684582-5620-4569-B730-950B0B9EAC1A}.Debug|Any CPU.ActiveCfg = Debug|Any CPU
		{2D684582-5620-4569-B730-950B0B9EAC1A}.Debug|Any CPU.Build.0 = Debug|Any CPU
		{2D684582-5620-4569-B730-950B0B9EAC1A}.Release|Any CPU.ActiveCfg = Release|Any CPU
		{2D684582-5620-4569-B730-950B0B9EAC1A}.Release|Any CPU.Build.0 = Release|Any CPU
	EndGlobalSection
	GlobalSection(SolutionProperties) = preSolution
		HideSolutionNode = FALSE
	EndGlobalSection
	GlobalSection(ExtensibilityGlobals) = postSolution
		SolutionGuid = {A56D0F08-4FEA-4996-8BB8-ED2B5EFE6388}
	EndGlobalSection
EndGlobal
